Microsoft Visual Studio Solution File, Format Version 8.00
Project("{8BC9CEB8-8B4A-11D0-8D11-00A0C91BC942}") = "Alone", "Alone.vcproj", "{4D381C41-CC56-4724-872E-F466C8DF5E31}"
	ProjectSection(ProjectDependencies) = postProject
	EndProjectSection
EndProject
Global
	GlobalSection(SolutionConfiguration) = preSolution
		Debug = Debug
		DebugU = DebugU
		Release = Release
		ReleaseU = ReleaseU
	EndGlobalSection
	GlobalSection(ProjectConfiguration) = postSolution
		{4D381C41-CC56-4724-872E-F466C8DF5E31}.Debug.ActiveCfg = Debug|Win32
		{4D381C41-CC56-4724-872E-F466C8DF5E31}.Debug.Build.0 = Debug|Win32
		{4D381C41-CC56-4724-872E-F466C8DF5E31}.DebugU.ActiveCfg = DebugU|Win32
		{4D381C41-CC56-4724-872E-F466C8DF5E31}.DebugU.Build.0 = DebugU|Win32
		{4D381C41-CC56-4724-872E-F466C8DF5E31}.Release.ActiveCfg = Release|Win32
		{4D381C41-CC56-4724-872E-F466C8DF5E31}.Release.Build.0 = Release|Win32
		{4D381C41-CC56-4724-872E-F466C8DF5E31}.ReleaseU.ActiveCfg = ReleaseU|Win32
		{4D381C41-CC56-4724-872E-F466C8DF5E31}.ReleaseU.Build.0 = ReleaseU|Win32
	EndGlobalSection
	GlobalSection(ExtensibilityGlobals) = postSolution
	EndGlobalSection
	GlobalSection(ExtensibilityAddIns) = postSolution
	EndGlobalSection
EndGlobal
